// !$*UTF8*$!
{
	archiveVersion = 1;
	classes = {
	};
	objectVersion = 52;
	objects = {

/* Begin PBXBuildFile section */
		9A0635E723E30C8900BF2C8D /* PersistenceStorage.swift in Sources */ = {isa = PBXBuildFile; fileRef = 9A0635E623E30C8900BF2C8D /* PersistenceStorage.swift */; };
		9A18E4EA23E0B1E900D5B31C /* FavouritesViewController.swift in Sources */ = {isa = PBXBuildFile; fileRef = 9A18E4E923E0B1E900D5B31C /* FavouritesViewController.swift */; };
		9A2120C223E0DDE800AC39B7 /* UIImageView + fetchImage.swift in Sources */ = {isa = PBXBuildFile; fileRef = 9A2120C123E0DDE800AC39B7 /* UIImageView + fetchImage.swift */; };
		9A29F54523E0A6D000D52FCE /* AppDelegate.swift in Sources */ = {isa = PBXBuildFile; fileRef = 9A29F54423E0A6D000D52FCE /* AppDelegate.swift */; };
		9A29F54723E0A6D000D52FCE /* SceneDelegate.swift in Sources */ = {isa = PBXBuildFile; fileRef = 9A29F54623E0A6D000D52FCE /* SceneDelegate.swift */; };
		9A29F54923E0A6D000D52FCE /* SearchViewController.swift in Sources */ = {isa = PBXBuildFile; fileRef = 9A29F54823E0A6D000D52FCE /* SearchViewController.swift */; };
		9A29F54E23E0A6D900D52FCE /* Assets.xcassets in Resources */ = {isa = PBXBuildFile; fileRef = 9A29F54D23E0A6D900D52FCE /* Assets.xcassets */; };
		9A29F55123E0A6D900D52FCE /* LaunchScreen.storyboard in Resources */ = {isa = PBXBuildFile; fileRef = 9A29F54F23E0A6D900D52FCE /* LaunchScreen.storyboard */; };
		9A29F55923E0A84900D52FCE /* Coordinator.swift in Sources */ = {isa = PBXBuildFile; fileRef = 9A29F55823E0A84900D52FCE /* Coordinator.swift */; };
		9A29F55C23E0A8AF00D52FCE /* NetworkRouter.swift in Sources */ = {isa = PBXBuildFile; fileRef = 9A29F55B23E0A8AF00D52FCE /* NetworkRouter.swift */; };
		9A29F55E23E0A8C200D52FCE /* NetworkDataFetcher.swift in Sources */ = {isa = PBXBuildFile; fileRef = 9A29F55D23E0A8C200D52FCE /* NetworkDataFetcher.swift */; };
		9A29F56023E0A8D500D52FCE /* RxJSONDecoder.swift in Sources */ = {isa = PBXBuildFile; fileRef = 9A29F55F23E0A8D500D52FCE /* RxJSONDecoder.swift */; };
		9A29F56323E0A91000D52FCE /* CocktailModel.swift in Sources */ = {isa = PBXBuildFile; fileRef = 9A29F56223E0A91000D52FCE /* CocktailModel.swift */; };
		9A29F56623E0A95D00D52FCE /* SearchViewModel.swift in Sources */ = {isa = PBXBuildFile; fileRef = 9A29F56523E0A95D00D52FCE /* SearchViewModel.swift */; };
		9A29F56823E0A96F00D52FCE /* SearchRouter.swift in Sources */ = {isa = PBXBuildFile; fileRef = 9A29F56723E0A96F00D52FCE /* SearchRouter.swift */; };
		9A29F56B23E0A99500D52FCE /* SearchCellView.swift in Sources */ = {isa = PBXBuildFile; fileRef = 9A29F56A23E0A99500D52FCE /* SearchCellView.swift */; };
		9A29F56D23E0A9A600D52FCE /* SearchCellViewModel.swift in Sources */ = {isa = PBXBuildFile; fileRef = 9A29F56C23E0A9A600D52FCE /* SearchCellViewModel.swift */; };
		9A29F57123E0ABCE00D52FCE /* RxRealm in Frameworks */ = {isa = PBXBuildFile; productRef = 9A29F57023E0ABCE00D52FCE /* RxRealm */; };
		9A29F57423E0ABF800D52FCE /* RxSwiftExt in Frameworks */ = {isa = PBXBuildFile; productRef = 9A29F57323E0ABF800D52FCE /* RxSwiftExt */; };
		9A29F57723E0AC2E00D52FCE /* SnapKit in Frameworks */ = {isa = PBXBuildFile; productRef = 9A29F57623E0AC2E00D52FCE /* SnapKit */; };
		9A50BDB723E19928004E55C0 /* DetailViewController.swift in Sources */ = {isa = PBXBuildFile; fileRef = 9A50BDB623E19928004E55C0 /* DetailViewController.swift */; };
		9A50BDB923E19943004E55C0 /* DetailViewModel.swift in Sources */ = {isa = PBXBuildFile; fileRef = 9A50BDB823E19943004E55C0 /* DetailViewModel.swift */; };
		9A50BDBB23E19951004E55C0 /* DetailRouter.swift in Sources */ = {isa = PBXBuildFile; fileRef = 9A50BDBA23E19951004E55C0 /* DetailRouter.swift */; };
		9A54864F23E34E130011B808 /* FavouritesViewModel.swift in Sources */ = {isa = PBXBuildFile; fileRef = 9A54864E23E34E130011B808 /* FavouritesViewModel.swift */; };
		9A54865123E34E220011B808 /* FavouritesRouter.swift in Sources */ = {isa = PBXBuildFile; fileRef = 9A54865023E34E220011B808 /* FavouritesRouter.swift */; };
/* End PBXBuildFile section */

/* Begin PBXFileReference section */
		9A0635E623E30C8900BF2C8D /* PersistenceStorage.swift */ = {isa = PBXFileReference; lastKnownFileType = sourcecode.swift; path = PersistenceStorage.swift; sourceTree = "<group>"; };
		9A18E4E923E0B1E900D5B31C /* FavouritesViewController.swift */ = {isa = PBXFileReference; lastKnownFileType = sourcecode.swift; path = FavouritesViewController.swift; sourceTree = "<group>"; };
		9A2120C123E0DDE800AC39B7 /* UIImageView + fetchImage.swift */ = {isa = PBXFileReference; lastKnownFileType = sourcecode.swift; path = "UIImageView + fetchImage.swift"; sourceTree = "<group>"; };
		9A29F54123E0A6D000D52FCE /* CoctailsApp.app */ = {isa = PBXFileReference; explicitFileType = wrapper.application; includeInIndex = 0; path = CoctailsApp.app; sourceTree = BUILT_PRODUCTS_DIR; };
		9A29F54423E0A6D000D52FCE /* AppDelegate.swift */ = {isa = PBXFileReference; lastKnownFileType = sourcecode.swift; path = AppDelegate.swift; sourceTree = "<group>"; };
		9A29F54623E0A6D000D52FCE /* SceneDelegate.swift */ = {isa = PBXFileReference; lastKnownFileType = sourcecode.swift; path = SceneDelegate.swift; sourceTree = "<group>"; };
		9A29F54823E0A6D000D52FCE /* SearchViewController.swift */ = {isa = PBXFileReference; lastKnownFileType = sourcecode.swift; path = SearchViewController.swift; sourceTree = "<group>"; };
		9A29F54D23E0A6D900D52FCE /* Assets.xcassets */ = {isa = PBXFileReference; lastKnownFileType = folder.assetcatalog; path = Assets.xcassets; sourceTree = "<group>"; };
		9A29F55023E0A6D900D52FCE /* Base */ = {isa = PBXFileReference; lastKnownFileType = file.storyboard; name = Base; path = Base.lproj/LaunchScreen.storyboard; sourceTree = "<group>"; };
		9A29F55223E0A6D900D52FCE /* Info.plist */ = {isa = PBXFileReference; lastKnownFileType = text.plist.xml; path = Info.plist; sourceTree = "<group>"; };
		9A29F55823E0A84900D52FCE /* Coordinator.swift */ = {isa = PBXFileReference; lastKnownFileType = sourcecode.swift; path = Coordinator.swift; sourceTree = "<group>"; };
		9A29F55B23E0A8AF00D52FCE /* NetworkRouter.swift */ = {isa = PBXFileReference; lastKnownFileType = sourcecode.swift; path = NetworkRouter.swift; sourceTree = "<group>"; };
		9A29F55D23E0A8C200D52FCE /* NetworkDataFetcher.swift */ = {isa = PBXFileReference; lastKnownFileType = sourcecode.swift; path = NetworkDataFetcher.swift; sourceTree = "<group>"; };
		9A29F55F23E0A8D500D52FCE /* RxJSONDecoder.swift */ = {isa = PBXFileReference; lastKnownFileType = sourcecode.swift; path = RxJSONDecoder.swift; sourceTree = "<group>"; };
		9A29F56223E0A91000D52FCE /* CocktailModel.swift */ = {isa = PBXFileReference; lastKnownFileType = sourcecode.swift; path = CocktailModel.swift; sourceTree = "<group>"; };
		9A29F56523E0A95D00D52FCE /* SearchViewModel.swift */ = {isa = PBXFileReference; lastKnownFileType = sourcecode.swift; path = SearchViewModel.swift; sourceTree = "<group>"; };
		9A29F56723E0A96F00D52FCE /* SearchRouter.swift */ = {isa = PBXFileReference; lastKnownFileType = sourcecode.swift; path = SearchRouter.swift; sourceTree = "<group>"; };
		9A29F56A23E0A99500D52FCE /* SearchCellView.swift */ = {isa = PBXFileReference; lastKnownFileType = sourcecode.swift; path = SearchCellView.swift; sourceTree = "<group>"; };
		9A29F56C23E0A9A600D52FCE /* SearchCellViewModel.swift */ = {isa = PBXFileReference; lastKnownFileType = sourcecode.swift; path = SearchCellViewModel.swift; sourceTree = "<group>"; };
		9A50BDB623E19928004E55C0 /* DetailViewController.swift */ = {isa = PBXFileReference; lastKnownFileType = sourcecode.swift; path = DetailViewController.swift; sourceTree = "<group>"; };
		9A50BDB823E19943004E55C0 /* DetailViewModel.swift */ = {isa = PBXFileReference; lastKnownFileType = sourcecode.swift; path = DetailViewModel.swift; sourceTree = "<group>"; };
		9A50BDBA23E19951004E55C0 /* DetailRouter.swift */ = {isa = PBXFileReference; lastKnownFileType = sourcecode.swift; path = DetailRouter.swift; sourceTree = "<group>"; };
		9A54864E23E34E130011B808 /* FavouritesViewModel.swift */ = {isa = PBXFileReference; lastKnownFileType = sourcecode.swift; path = FavouritesViewModel.swift; sourceTree = "<group>"; };
		9A54865023E34E220011B808 /* FavouritesRouter.swift */ = {isa = PBXFileReference; lastKnownFileType = sourcecode.swift; path = FavouritesRouter.swift; sourceTree = "<group>"; };
/* End PBXFileReference section */

/* Begin PBXFrameworksBuildPhase section */
		9A29F53E23E0A6D000D52FCE /* Frameworks */ = {
			isa = PBXFrameworksBuildPhase;
			buildActionMask = 2147483647;
			files = (
				9A29F57723E0AC2E00D52FCE /* SnapKit in Frameworks */,
				9A29F57423E0ABF800D52FCE /* RxSwiftExt in Frameworks */,
				9A29F57123E0ABCE00D52FCE /* RxRealm in Frameworks */,
			);
			runOnlyForDeploymentPostprocessing = 0;
		};
/* End PBXFrameworksBuildPhase section */

/* Begin PBXGroup section */
		9A18E4EB23E0B22B00D5B31C /* Favourites Screen */ = {
			isa = PBXGroup;
			children = (
				9A18E4E923E0B1E900D5B31C /* FavouritesViewController.swift */,
				9A54864E23E34E130011B808 /* FavouritesViewModel.swift */,
				9A54865023E34E220011B808 /* FavouritesRouter.swift */,
			);
			path = "Favourites Screen";
			sourceTree = "<group>";
		};
		9A29F53823E0A6D000D52FCE = {
			isa = PBXGroup;
			children = (
				9A29F54323E0A6D000D52FCE /* CoctailsApp */,
				9A29F54223E0A6D000D52FCE /* Products */,
			);
			sourceTree = "<group>";
		};
		9A29F54223E0A6D000D52FCE /* Products */ = {
			isa = PBXGroup;
			children = (
				9A29F54123E0A6D000D52FCE /* CoctailsApp.app */,
			);
			name = Products;
			sourceTree = "<group>";
		};
		9A29F54323E0A6D000D52FCE /* CoctailsApp */ = {
			isa = PBXGroup;
			children = (
				9A29F55A23E0A86500D52FCE /* Delegates */,
				9A29F56123E0A8E900D52FCE /* Services */,
				9A29F56423E0A91500D52FCE /* Models */,
				9A29F56923E0A97900D52FCE /* Search Screen */,
				9A50BDBC23E19980004E55C0 /* Detail Screen */,
				9A18E4EB23E0B22B00D5B31C /* Favourites Screen */,
				9A29F54D23E0A6D900D52FCE /* Assets.xcassets */,
				9A29F54F23E0A6D900D52FCE /* LaunchScreen.storyboard */,
				9A29F55223E0A6D900D52FCE /* Info.plist */,
			);
			path = CoctailsApp;
			sourceTree = "<group>";
		};
		9A29F55A23E0A86500D52FCE /* Delegates */ = {
			isa = PBXGroup;
			children = (
				9A29F54423E0A6D000D52FCE /* AppDelegate.swift */,
				9A29F54623E0A6D000D52FCE /* SceneDelegate.swift */,
				9A29F55823E0A84900D52FCE /* Coordinator.swift */,
			);
			path = Delegates;
			sourceTree = "<group>";
		};
		9A29F56123E0A8E900D52FCE /* Services */ = {
			isa = PBXGroup;
			children = (
				9A29F55B23E0A8AF00D52FCE /* NetworkRouter.swift */,
				9A29F55D23E0A8C200D52FCE /* NetworkDataFetcher.swift */,
				9A29F55F23E0A8D500D52FCE /* RxJSONDecoder.swift */,
				9A0635E623E30C8900BF2C8D /* PersistenceStorage.swift */,
				9A2120C123E0DDE800AC39B7 /* UIImageView + fetchImage.swift */,
			);
			path = Services;
			sourceTree = "<group>";
		};
		9A29F56423E0A91500D52FCE /* Models */ = {
			isa = PBXGroup;
			children = (
				9A29F56223E0A91000D52FCE /* CocktailModel.swift */,
			);
			path = Models;
			sourceTree = "<group>";
		};
		9A29F56923E0A97900D52FCE /* Search Screen */ = {
			isa = PBXGroup;
			children = (
				9A29F54823E0A6D000D52FCE /* SearchViewController.swift */,
				9A29F56523E0A95D00D52FCE /* SearchViewModel.swift */,
				9A29F56723E0A96F00D52FCE /* SearchRouter.swift */,
				9A29F56E23E0A9AD00D52FCE /* SearchCell */,
			);
			path = "Search Screen";
			sourceTree = "<group>";
		};
		9A29F56E23E0A9AD00D52FCE /* SearchCell */ = {
			isa = PBXGroup;
			children = (
				9A29F56A23E0A99500D52FCE /* SearchCellView.swift */,
				9A29F56C23E0A9A600D52FCE /* SearchCellViewModel.swift */,
			);
			path = SearchCell;
			sourceTree = "<group>";
		};
		9A50BDBC23E19980004E55C0 /* Detail Screen */ = {
			isa = PBXGroup;
			children = (
				9A50BDB623E19928004E55C0 /* DetailViewController.swift */,
				9A50BDB823E19943004E55C0 /* DetailViewModel.swift */,
				9A50BDBA23E19951004E55C0 /* DetailRouter.swift */,
			);
			path = "Detail Screen";
			sourceTree = "<group>";
		};
/* End PBXGroup section */

/* Begin PBXNativeTarget section */
		9A29F54023E0A6D000D52FCE /* CoctailsApp */ = {
			isa = PBXNativeTarget;
			buildConfigurationList = 9A29F55523E0A6D900D52FCE /* Build configuration list for PBXNativeTarget "CoctailsApp" */;
			buildPhases = (
				9A29F53D23E0A6D000D52FCE /* Sources */,
				9A29F53E23E0A6D000D52FCE /* Frameworks */,
				9A29F53F23E0A6D000D52FCE /* Resources */,
			);
			buildRules = (
			);
			dependencies = (
			);
			name = CoctailsApp;
			packageProductDependencies = (
				9A29F57023E0ABCE00D52FCE /* RxRealm */,
				9A29F57323E0ABF800D52FCE /* RxSwiftExt */,
				9A29F57623E0AC2E00D52FCE /* SnapKit */,
			);
			productName = CoctailsApp;
			productReference = 9A29F54123E0A6D000D52FCE /* CoctailsApp.app */;
			productType = "com.apple.product-type.application";
		};
/* End PBXNativeTarget section */

/* Begin PBXProject section */
		9A29F53923E0A6D000D52FCE /* Project object */ = {
			isa = PBXProject;
			attributes = {
				LastSwiftUpdateCheck = 1130;
				LastUpgradeCheck = 1130;
				ORGANIZATIONNAME = "Artur Sokolov";
				TargetAttributes = {
					9A29F54023E0A6D000D52FCE = {
						CreatedOnToolsVersion = 11.3.1;
					};
				};
			};
			buildConfigurationList = 9A29F53C23E0A6D000D52FCE /* Build configuration list for PBXProject "CoctailsApp" */;
			compatibilityVersion = "Xcode 9.3";
			developmentRegion = en;
			hasScannedForEncodings = 0;
			knownRegions = (
				en,
				Base,
			);
			mainGroup = 9A29F53823E0A6D000D52FCE;
			packageReferences = (
				9A29F56F23E0ABCE00D52FCE /* XCRemoteSwiftPackageReference "RxRealm" */,
				9A29F57223E0ABF800D52FCE /* XCRemoteSwiftPackageReference "RxSwiftExt" */,
				9A29F57523E0AC2E00D52FCE /* XCRemoteSwiftPackageReference "SnapKit" */,
			);
			productRefGroup = 9A29F54223E0A6D000D52FCE /* Products */;
			projectDirPath = "";
			projectRoot = "";
			targets = (
				9A29F54023E0A6D000D52FCE /* CoctailsApp */,
			);
		};
/* End PBXProject section */

/* Begin PBXResourcesBuildPhase section */
		9A29F53F23E0A6D000D52FCE /* Resources */ = {
			isa = PBXResourcesBuildPhase;
			buildActionMask = 2147483647;
			files = (
				9A29F55123E0A6D900D52FCE /* LaunchScreen.storyboard in Resources */,
				9A29F54E23E0A6D900D52FCE /* Assets.xcassets in Resources */,
			);
			runOnlyForDeploymentPostprocessing = 0;
		};
/* End PBXResourcesBuildPhase section */

/* Begin PBXSourcesBuildPhase section */
		9A29F53D23E0A6D000D52FCE /* Sources */ = {
			isa = PBXSourcesBuildPhase;
			buildActionMask = 2147483647;
			files = (
				9A29F55E23E0A8C200D52FCE /* NetworkDataFetcher.swift in Sources */,
				9A29F56323E0A91000D52FCE /* CocktailModel.swift in Sources */,
				9A29F55923E0A84900D52FCE /* Coordinator.swift in Sources */,
				9A2120C223E0DDE800AC39B7 /* UIImageView + fetchImage.swift in Sources */,
				9A29F54923E0A6D000D52FCE /* SearchViewController.swift in Sources */,
				9A29F55C23E0A8AF00D52FCE /* NetworkRouter.swift in Sources */,
				9A29F54523E0A6D000D52FCE /* AppDelegate.swift in Sources */,
				9A0635E723E30C8900BF2C8D /* PersistenceStorage.swift in Sources */,
				9A29F56823E0A96F00D52FCE /* SearchRouter.swift in Sources */,
				9A29F56623E0A95D00D52FCE /* SearchViewModel.swift in Sources */,
				9A29F56B23E0A99500D52FCE /* SearchCellView.swift in Sources */,
				9A29F56023E0A8D500D52FCE /* RxJSONDecoder.swift in Sources */,
				9A29F56D23E0A9A600D52FCE /* SearchCellViewModel.swift in Sources */,
				9A54864F23E34E130011B808 /* FavouritesViewModel.swift in Sources */,
				9A50BDB723E19928004E55C0 /* DetailViewController.swift in Sources */,
				9A29F54723E0A6D000D52FCE /* SceneDelegate.swift in Sources */,
				9A50BDBB23E19951004E55C0 /* DetailRouter.swift in Sources */,
				9A18E4EA23E0B1E900D5B31C /* FavouritesViewController.swift in Sources */,
				9A54865123E34E220011B808 /* FavouritesRouter.swift in Sources */,
				9A50BDB923E19943004E55C0 /* DetailViewModel.swift in Sources */,
			);
			runOnlyForDeploymentPostprocessing = 0;
		};
/* End PBXSourcesBuildPhase section */

/* Begin PBXVariantGroup section */
		9A29F54F23E0A6D900D52FCE /* LaunchScreen.storyboard */ = {
			isa = PBXVariantGroup;
			children = (
				9A29F55023E0A6D900D52FCE /* Base */,
			);
			name = LaunchScreen.storyboard;
			sourceTree = "<group>";
		};
/* End PBXVariantGroup section */

/* Begin XCBuildConfiguration section */
		9A29F55323E0A6D900D52FCE /* Debug */ = {
			isa = XCBuildConfiguration;
			buildSettings = {
				ALWAYS_SEARCH_USER_PATHS = NO;
				CLANG_ANALYZER_NONNULL = YES;
				CLANG_ANALYZER_NUMBER_OBJECT_CONVERSION = YES_AGGRESSIVE;
				CLANG_CXX_LANGUAGE_STANDARD = "gnu++14";
				CLANG_CXX_LIBRARY = "libc++";
				CLANG_ENABLE_MODULES = YES;
				CLANG_ENABLE_OBJC_ARC = YES;
				CLANG_ENABLE_OBJC_WEAK = YES;
				CLANG_WARN_BLOCK_CAPTURE_AUTORELEASING = YES;
				CLANG_WARN_BOOL_CONVERSION = YES;
				CLANG_WARN_COMMA = YES;
				CLANG_WARN_CONSTANT_CONVERSION = YES;
				CLANG_WARN_DEPRECATED_OBJC_IMPLEMENTATIONS = YES;
				CLANG_WARN_DIRECT_OBJC_ISA_USAGE = YES_ERROR;
				CLANG_WARN_DOCUMENTATION_COMMENTS = YES;
				CLANG_WARN_EMPTY_BODY = YES;
				CLANG_WARN_ENUM_CONVERSION = YES;
				CLANG_WARN_INFINITE_RECURSION = YES;
				CLANG_WARN_INT_CONVERSION = YES;
				CLANG_WARN_NON_LITERAL_NULL_CONVERSION = YES;
				CLANG_WARN_OBJC_IMPLICIT_RETAIN_SELF = YES;
				CLANG_WARN_OBJC_LITERAL_CONVERSION = YES;
				CLANG_WARN_OBJC_ROOT_CLASS = YES_ERROR;
				CLANG_WARN_RANGE_LOOP_ANALYSIS = YES;
				CLANG_WARN_STRICT_PROTOTYPES = YES;
				CLANG_WARN_SUSPICIOUS_MOVE = YES;
				CLANG_WARN_UNGUARDED_AVAILABILITY = YES_AGGRESSIVE;
				CLANG_WARN_UNREACHABLE_CODE = YES;
				CLANG_WARN__DUPLICATE_METHOD_MATCH = YES;
				COPY_PHASE_STRIP = NO;
				DEBUG_INFORMATION_FORMAT = dwarf;
				ENABLE_STRICT_OBJC_MSGSEND = YES;
				ENABLE_TESTABILITY = YES;
				GCC_C_LANGUAGE_STANDARD = gnu11;
				GCC_DYNAMIC_NO_PIC = NO;
				GCC_NO_COMMON_BLOCKS = YES;
				GCC_OPTIMIZATION_LEVEL = 0;
				GCC_PREPROCESSOR_DEFINITIONS = (
					"DEBUG=1",
					"$(inherited)",
				);
				GCC_WARN_64_TO_32_BIT_CONVERSION = YES;
				GCC_WARN_ABOUT_RETURN_TYPE = YES_ERROR;
				GCC_WARN_UNDECLARED_SELECTOR = YES;
				GCC_WARN_UNINITIALIZED_AUTOS = YES_AGGRESSIVE;
				GCC_WARN_UNUSED_FUNCTION = YES;
				GCC_WARN_UNUSED_VARIABLE = YES;
				IPHONEOS_DEPLOYMENT_TARGET = 13.2;
				MTL_ENABLE_DEBUG_INFO = INCLUDE_SOURCE;
				MTL_FAST_MATH = YES;
				ONLY_ACTIVE_ARCH = YES;
				SDKROOT = iphoneos;
				SWIFT_ACTIVE_COMPILATION_CONDITIONS = DEBUG;
				SWIFT_OPTIMIZATION_LEVEL = "-Onone";
			};
			name = Debug;
		};
		9A29F55423E0A6D900D52FCE /* Release */ = {
			isa = XCBuildConfiguration;
			buildSettings = {
				ALWAYS_SEARCH_USER_PATHS = NO;
				CLANG_ANALYZER_NONNULL = YES;
				CLANG_ANALYZER_NUMBER_OBJECT_CONVERSION = YES_AGGRESSIVE;
				CLANG_CXX_LANGUAGE_STANDARD = "gnu++14";
				CLANG_CXX_LIBRARY = "libc++";
				CLANG_ENABLE_MODULES = YES;
				CLANG_ENABLE_OBJC_ARC = YES;
				CLANG_ENABLE_OBJC_WEAK = YES;
				CLANG_WARN_BLOCK_CAPTURE_AUTORELEASING = YES;
				CLANG_WARN_BOOL_CONVERSION = YES;
				CLANG_WARN_COMMA = YES;
				CLANG_WARN_CONSTANT_CONVERSION = YES;
				CLANG_WARN_DEPRECATED_OBJC_IMPLEMENTATIONS = YES;
				CLANG_WARN_DIRECT_OBJC_ISA_USAGE = YES_ERROR;
				CLANG_WARN_DOCUMENTATION_COMMENTS = YES;
				CLANG_WARN_EMPTY_BODY = YES;
				CLANG_WARN_ENUM_CONVERSION = YES;
				CLANG_WARN_INFINITE_RECURSION = YES;
				CLANG_WARN_INT_CONVERSION = YES;
				CLANG_WARN_NON_LITERAL_NULL_CONVERSION = YES;
				CLANG_WARN_OBJC_IMPLICIT_RETAIN_SELF = YES;
				CLANG_WARN_OBJC_LITERAL_CONVERSION = YES;
				CLANG_WARN_OBJC_ROOT_CLASS = YES_ERROR;
				CLANG_WARN_RANGE_LOOP_ANALYSIS = YES;
				CLANG_WARN_STRICT_PROTOTYPES = YES;
				CLANG_WARN_SUSPICIOUS_MOVE = YES;
				CLANG_WARN_UNGUARDED_AVAILABILITY = YES_AGGRESSIVE;
				CLANG_WARN_UNREACHABLE_CODE = YES;
				CLANG_WARN__DUPLICATE_METHOD_MATCH = YES;
				COPY_PHASE_STRIP = NO;
				DEBUG_INFORMATION_FORMAT = "dwarf-with-dsym";
				ENABLE_NS_ASSERTIONS = NO;
				ENABLE_STRICT_OBJC_MSGSEND = YES;
				GCC_C_LANGUAGE_STANDARD = gnu11;
				GCC_NO_COMMON_BLOCKS = YES;
				GCC_WARN_64_TO_32_BIT_CONVERSION = YES;
				GCC_WARN_ABOUT_RETURN_TYPE = YES_ERROR;
				GCC_WARN_UNDECLARED_SELECTOR = YES;
				GCC_WARN_UNINITIALIZED_AUTOS = YES_AGGRESSIVE;
				GCC_WARN_UNUSED_FUNCTION = YES;
				GCC_WARN_UNUSED_VARIABLE = YES;
				IPHONEOS_DEPLOYMENT_TARGET = 13.2;
				MTL_ENABLE_DEBUG_INFO = NO;
				MTL_FAST_MATH = YES;
				SDKROOT = iphoneos;
				SWIFT_COMPILATION_MODE = wholemodule;
				SWIFT_OPTIMIZATION_LEVEL = "-O";
				VALIDATE_PRODUCT = YES;
			};
			name = Release;
		};
		9A29F55623E0A6D900D52FCE /* Debug */ = {
			isa = XCBuildConfiguration;
			buildSettings = {
				ASSETCATALOG_COMPILER_APPICON_NAME = AppIcon;
				CODE_SIGN_STYLE = Automatic;
				DEVELOPMENT_TEAM = VZ2WU5BVYA;
				INFOPLIST_FILE = CoctailsApp/Info.plist;
				IPHONEOS_DEPLOYMENT_TARGET = 13.2;
				LD_RUNPATH_SEARCH_PATHS = (
					"$(inherited)",
					"@executable_path/Frameworks",
				);
				PRODUCT_BUNDLE_IDENTIFIER = Barhishtan.CoctailsApp;
				PRODUCT_NAME = "$(TARGET_NAME)";
				SWIFT_VERSION = 5.0;
				TARGETED_DEVICE_FAMILY = 1;
			};
			name = Debug;
		};
		9A29F55723E0A6D900D52FCE /* Release */ = {
			isa = XCBuildConfiguration;
			buildSettings = {
				ASSETCATALOG_COMPILER_APPICON_NAME = AppIcon;
				CODE_SIGN_STYLE = Automatic;
				DEVELOPMENT_TEAM = VZ2WU5BVYA;
				INFOPLIST_FILE = CoctailsApp/Info.plist;
				IPHONEOS_DEPLOYMENT_TARGET = 13.2;
				LD_RUNPATH_SEARCH_PATHS = (
					"$(inherited)",
					"@executable_path/Frameworks",
				);
				PRODUCT_BUNDLE_IDENTIFIER = Barhishtan.CoctailsApp;
				PRODUCT_NAME = "$(TARGET_NAME)";
				SWIFT_VERSION = 5.0;
				TARGETED_DEVICE_FAMILY = 1;
			};
			name = Release;
		};
/* End XCBuildConfiguration section */

/* Begin XCConfigurationList section */
		9A29F53C23E0A6D000D52FCE /* Build configuration list for PBXProject "CoctailsApp" */ = {
			isa = XCConfigurationList;
			buildConfigurations = (
				9A29F55323E0A6D900D52FCE /* Debug */,
				9A29F55423E0A6D900D52FCE /* Release */,
			);
			defaultConfigurationIsVisible = 0;
			defaultConfigurationName = Release;
		};
		9A29F55523E0A6D900D52FCE /* Build configuration list for PBXNativeTarget "CoctailsApp" */ = {
			isa = XCConfigurationList;
			buildConfigurations = (
				9A29F55623E0A6D900D52FCE /* Debug */,
				9A29F55723E0A6D900D52FCE /* Release */,
			);
			defaultConfigurationIsVisible = 0;
			defaultConfigurationName = Release;
		};
/* End XCConfigurationList section */

/* Begin XCRemoteSwiftPackageReference section */
		9A29F56F23E0ABCE00D52FCE /* XCRemoteSwiftPackageReference "RxRealm" */ = {
			isa = XCRemoteSwiftPackageReference;
			repositoryURL = "https://github.com/RxSwiftCommunity/RxRealm";
			requirement = {
				kind = upToNextMajorVersion;
				minimumVersion = 2.0.0;
			};
		};
		9A29F57223E0ABF800D52FCE /* XCRemoteSwiftPackageReference "RxSwiftExt" */ = {
			isa = XCRemoteSwiftPackageReference;
			repositoryURL = "https://github.com/RxSwiftCommunity/RxSwiftExt";
			requirement = {
				kind = upToNextMajorVersion;
				minimumVersion = 5.2.0;
			};
		};
		9A29F57523E0AC2E00D52FCE /* XCRemoteSwiftPackageReference "SnapKit" */ = {
			isa = XCRemoteSwiftPackageReference;
			repositoryURL = "https://github.com/SnapKit/SnapKit";
			requirement = {
				kind = upToNextMajorVersion;
				minimumVersion = 5.0.1;
			};
		};
/* End XCRemoteSwiftPackageReference section */

/* Begin XCSwiftPackageProductDependency section */
		9A29F57023E0ABCE00D52FCE /* RxRealm */ = {
			isa = XCSwiftPackageProductDependency;
			package = 9A29F56F23E0ABCE00D52FCE /* XCRemoteSwiftPackageReference "RxRealm" */;
			productName = RxRealm;
		};
		9A29F57323E0ABF800D52FCE /* RxSwiftExt */ = {
			isa = XCSwiftPackageProductDependency;
			package = 9A29F57223E0ABF800D52FCE /* XCRemoteSwiftPackageReference "RxSwiftExt" */;
			productName = RxSwiftExt;
		};
		9A29F57623E0AC2E00D52FCE /* SnapKit */ = {
			isa = XCSwiftPackageProductDependency;
			package = 9A29F57523E0AC2E00D52FCE /* XCRemoteSwiftPackageReference "SnapKit" */;
			productName = SnapKit;
		};
/* End XCSwiftPackageProductDependency section */
	};
	rootObject = 9A29F53923E0A6D000D52FCE /* Project object */;
}
